
Microsoft Visual Studio Solution File, Format Version 12.00
# Visual Studio Version 17
VisualStudioVersion = 17.14.36202.13
MinimumVisualStudioVersion = 10.0.40219.1
Project("{FAE04EC0-301F-11D3-BF4B-00C04F79EFBC}") = "PIO.WebAPI", "PIO.WebAPI\PIO.WebAPI.csproj", "{E821B55D-7F1B-4209-94B3-1C1005A2F7F1}"
EndProject
Project("{D954291E-2A0B-460D-934E-DC6B0785DB48}") = "PIO.DTO", "PIO.DTO\PIO.DTO.shproj", "{1829F866-F980-4031-8A9E-0164A47C9ECE}"
EndProject
Project("{2150E333-8FDC-42A3-9474-1A3956D46DE8}") = "Dependencies", "Dependencies", "{02EA681E-C7D8-13C7-8484-4AC65E1B71E8}"
EndProject
Project("{FAE04EC0-301F-11D3-BF4B-00C04F79EFBC}") = "PIO.Models", "PIO.Models\PIO.Models.csproj", "{6A4F28C4-8772-4CCA-8A4C-4D6CD023DA48}"
EndProject
Project("{FAE04EC0-301F-11D3-BF4B-00C04F79EFBC}") = "LogLib", "..\LogLib\LogLib\LogLib.csproj", "{B7A6A42F-87CE-35E2-5463-202EF52C74DD}"
EndProject
Project("{FAE04EC0-301F-11D3-BF4B-00C04F79EFBC}") = "ResultTypeLib", "..\ResultTypeLib\ResultTypeLib\ResultTypeLib.csproj", "{BEA4E766-978F-DDD8-C26B-73D31C5A983D}"
EndProject
Project("{FAE04EC0-301F-11D3-BF4B-00C04F79EFBC}") = "DataModelLib", "..\DataModelLib\DataModelLib\DataModelLib.csproj", "{6EFFC2C5-B498-E4A9-55AF-CCA4812CAE1E}"
EndProject
Project("{D954291E-2A0B-460D-934E-DC6B0785DB48}") = "DataModelLib.Shared", "..\DataModelLib\DataModelLib.Shared\DataModelLib.Shared.shproj", "{97CCAC7F-660E-42F0-AF29-16332FC30F7A}"
EndProject
Project("{FAE04EC0-301F-11D3-BF4B-00C04F79EFBC}") = "BlueprintLib", "..\BlueprintLib\BlueprintLib\BlueprintLib.csproj", "{B31A9FAA-D715-8F14-A7C4-56F92ACBEA90}"
EndProject
Project("{FAE04EC0-301F-11D3-BF4B-00C04F79EFBC}") = "PIO.DataProvider", "PIO.DataProvider\PIO.DataProvider.csproj", "{79C44A92-B846-4089-BD8D-2DB4886FCC75}"
EndProject
Project("{2150E333-8FDC-42A3-9474-1A3956D46DE8}") = "UnitTests", "UnitTests", "{7C410132-00C5-47BB-B2A1-E533226B2C67}"
EndProject
Project("{FAE04EC0-301F-11D3-BF4B-00C04F79EFBC}") = "PIO.WebAPI.UnitTest", "PIO.WebAPI.UnitTest\PIO.WebAPI.UnitTest.csproj", "{F8A39DAE-B6D9-4461-9E27-C5E1752E7BA2}"
EndProject
Global
	GlobalSection(SolutionConfigurationPlatforms) = preSolution
		Debug|Any CPU = Debug|Any CPU
		Release|Any CPU = Release|Any CPU
	EndGlobalSection
	GlobalSection(ProjectConfigurationPlatforms) = postSolution
		{E821B55D-7F1B-4209-94B3-1C1005A2F7F1}.Debug|Any CPU.ActiveCfg = Debug|Any CPU
		{E821B55D-7F1B-4209-94B3-1C1005A2F7F1}.Debug|Any CPU.Build.0 = Debug|Any CPU
		{E821B55D-7F1B-4209-94B3-1C1005A2F7F1}.Release|Any CPU.ActiveCfg = Release|Any CPU
		{E821B55D-7F1B-4209-94B3-1C1005A2F7F1}.Release|Any CPU.Build.0 = Release|Any CPU
		{6A4F28C4-8772-4CCA-8A4C-4D6CD023DA48}.Debug|Any CPU.ActiveCfg = Debug|Any CPU
		{6A4F28C4-8772-4CCA-8A4C-4D6CD023DA48}.Debug|Any CPU.Build.0 = Debug|Any CPU
		{6A4F28C4-8772-4CCA-8A4C-4D6CD023DA48}.Release|Any CPU.ActiveCfg = Release|Any CPU
		{6A4F28C4-8772-4CCA-8A4C-4D6CD023DA48}.Release|Any CPU.Build.0 = Release|Any CPU
		{B7A6A42F-87CE-35E2-5463-202EF52C74DD}.Debug|Any CPU.ActiveCfg = Debug|Any CPU
		{B7A6A42F-87CE-35E2-5463-202EF52C74DD}.Debug|Any CPU.Build.0 = Debug|Any CPU
		{B7A6A42F-87CE-35E2-5463-202EF52C74DD}.Release|Any CPU.ActiveCfg = Release|Any CPU
		{B7A6A42F-87CE-35E2-5463-202EF52C74DD}.Release|Any CPU.Build.0 = Release|Any CPU
		{BEA4E766-978F-DDD8-C26B-73D31C5A983D}.Debug|Any CPU.ActiveCfg = Debug|Any CPU
		{BEA4E766-978F-DDD8-C26B-73D31C5A983D}.Debug|Any CPU.Build.0 = Debug|Any CPU
		{BEA4E766-978F-DDD8-C26B-73D31C5A983D}.Release|Any CPU.ActiveCfg = Release|Any CPU
		{BEA4E766-978F-DDD8-C26B-73D31C5A983D}.Release|Any CPU.Build.0 = Release|Any CPU
		{6EFFC2C5-B498-E4A9-55AF-CCA4812CAE1E}.Debug|Any CPU.ActiveCfg = Debug|Any CPU
		{6EFFC2C5-B498-E4A9-55AF-CCA4812CAE1E}.Debug|Any CPU.Build.0 = Debug|Any CPU
		{6EFFC2C5-B498-E4A9-55AF-CCA4812CAE1E}.Release|Any CPU.ActiveCfg = Release|Any CPU
		{6EFFC2C5-B498-E4A9-55AF-CCA4812CAE1E}.Release|Any CPU.Build.0 = Release|Any CPU
		{B31A9FAA-D715-8F14-A7C4-56F92ACBEA90}.Debug|Any CPU.ActiveCfg = Debug|Any CPU
		{B31A9FAA-D715-8F14-A7C4-56F92ACBEA90}.Debug|Any CPU.Build.0 = Debug|Any CPU
		{B31A9FAA-D715-8F14-A7C4-56F92ACBEA90}.Release|Any CPU.ActiveCfg = Release|Any CPU
		{B31A9FAA-D715-8F14-A7C4-56F92ACBEA90}.Release|Any CPU.Build.0 = Release|Any CPU
		{79C44A92-B846-4089-BD8D-2DB4886FCC75}.Debug|Any CPU.ActiveCfg = Debug|Any CPU
		{79C44A92-B846-4089-BD8D-2DB4886FCC75}.Debug|Any CPU.Build.0 = Debug|Any CPU
		{79C44A92-B846-4089-BD8D-2DB4886FCC75}.Release|Any CPU.ActiveCfg = Release|Any CPU
		{79C44A92-B846-4089-BD8D-2DB4886FCC75}.Release|Any CPU.Build.0 = Release|Any CPU
		{F8A39DAE-B6D9-4461-9E27-C5E1752E7BA2}.Debug|Any CPU.ActiveCfg = Debug|Any CPU
		{F8A39DAE-B6D9-4461-9E27-C5E1752E7BA2}.Debug|Any CPU.Build.0 = Debug|Any CPU
		{F8A39DAE-B6D9-4461-9E27-C5E1752E7BA2}.Release|Any CPU.ActiveCfg = Release|Any CPU
		{F8A39DAE-B6D9-4461-9E27-C5E1752E7BA2}.Release|Any CPU.Build.0 = Release|Any CPU
	EndGlobalSection
	GlobalSection(SolutionProperties) = preSolution
		HideSolutionNode = FALSE
	EndGlobalSection
	GlobalSection(NestedProjects) = preSolution
		{B7A6A42F-87CE-35E2-5463-202EF52C74DD} = {02EA681E-C7D8-13C7-8484-4AC65E1B71E8}
		{BEA4E766-978F-DDD8-C26B-73D31C5A983D} = {02EA681E-C7D8-13C7-8484-4AC65E1B71E8}
		{6EFFC2C5-B498-E4A9-55AF-CCA4812CAE1E} = {02EA681E-C7D8-13C7-8484-4AC65E1B71E8}
		{97CCAC7F-660E-42F0-AF29-16332FC30F7A} = {02EA681E-C7D8-13C7-8484-4AC65E1B71E8}
		{B31A9FAA-D715-8F14-A7C4-56F92ACBEA90} = {02EA681E-C7D8-13C7-8484-4AC65E1B71E8}
		{F8A39DAE-B6D9-4461-9E27-C5E1752E7BA2} = {7C410132-00C5-47BB-B2A1-E533226B2C67}
	EndGlobalSection
	GlobalSection(ExtensibilityGlobals) = postSolution
		SolutionGuid = {64BD1697-E912-4B77-BB12-64AE0E3E5C0F}
	EndGlobalSection
	GlobalSection(SharedMSBuildProjectFiles) = preSolution
		PIO.DTO\PIO.DTO.projitems*{1829f866-f980-4031-8a9e-0164a47c9ece}*SharedItemsImports = 13
		..\DataModelLib\DataModelLib.Shared\DataModelLib.Shared.projitems*{6a4f28c4-8772-4cca-8a4c-4d6cd023da48}*SharedItemsImports = 5
		PIO.DTO\PIO.DTO.projitems*{6a4f28c4-8772-4cca-8a4c-4d6cd023da48}*SharedItemsImports = 5
		..\DataModelLib\DataModelLib.Shared\DataModelLib.Shared.projitems*{6effc2c5-b498-e4a9-55af-cca4812cae1e}*SharedItemsImports = 5
		PIO.DTO\PIO.DTO.projitems*{79c44a92-b846-4089-bd8d-2db4886fcc75}*SharedItemsImports = 5
		..\DataModelLib\DataModelLib.Shared\DataModelLib.Shared.projitems*{97ccac7f-660e-42f0-af29-16332fc30f7a}*SharedItemsImports = 13
		PIO.DTO\PIO.DTO.projitems*{e821b55d-7f1b-4209-94b3-1c1005a2f7f1}*SharedItemsImports = 5
		PIO.DTO\PIO.DTO.projitems*{f8a39dae-b6d9-4461-9e27-c5e1752e7ba2}*SharedItemsImports = 5
	EndGlobalSection
EndGlobal
