
Microsoft Visual Studio Solution File, Format Version 12.00
# Visual Studio Version 16
VisualStudioVersion = 16.0.29411.108
MinimumVisualStudioVersion = 10.0.40219.1
Project("{FAE04EC0-301F-11D3-BF4B-00C04F79EFBC}") = "ModuleLib", "..\ModuleLib\ModuleLib\ModuleLib.csproj", "{F89B06C7-43CC-4589-9859-3A4656AAA4A6}"
EndProject
Project("{FAE04EC0-301F-11D3-BF4B-00C04F79EFBC}") = "LogLib", "..\LogLib\LogLib\LogLib.csproj", "{EF4B0001-2859-4A09-8F95-3E5BEF4A5272}"
EndProject
Project("{FAE04EC0-301F-11D3-BF4B-00C04F79EFBC}") = "NetORMLib", "..\NetORMLib\NetORMLib\NetORMLib.csproj", "{C94B7BF1-BF85-4483-B032-1582F9EC6423}"
EndProject
Project("{FAE04EC0-301F-11D3-BF4B-00C04F79EFBC}") = "NetORMLib.Sql", "..\NetORMLib\NetORMLib.Sql\NetORMLib.Sql.csproj", "{D0D3E5A2-440C-4B0A-9B01-4633F2A74BDF}"
EndProject
Project("{FAE04EC0-301F-11D3-BF4B-00C04F79EFBC}") = "NetORMLib.VersionControl", "..\NetORMLib\NetORMLib.VersionControl\NetORMLib.VersionControl.csproj", "{54987791-5D6C-4F07-8355-C3C909C0632A}"
EndProject
Project("{FAE04EC0-301F-11D3-BF4B-00C04F79EFBC}") = "PIO.WebServiceLib", "PIO.WebServiceLib\PIO.WebServiceLib.csproj", "{E8437E04-B58F-40A7-A811-485645FF6137}"
EndProject
Project("{FAE04EC0-301F-11D3-BF4B-00C04F79EFBC}") = "PIO.Models", "PIO.Models\PIO.Models.csproj", "{7883D2F9-F04E-467A-A0A6-61158DCA5956}"
EndProject
Project("{FAE04EC0-301F-11D3-BF4B-00C04F79EFBC}") = "PIO.ServerLib", "PIO.ServerLib\PIO.ServerLib.csproj", "{BCD967FA-4DA8-47AD-A1F5-A66EA4575617}"
	ProjectSection(ProjectDependencies) = postProject
		{E8437E04-B58F-40A7-A811-485645FF6137} = {E8437E04-B58F-40A7-A811-485645FF6137}
	EndProjectSection
EndProject
Project("{FAE04EC0-301F-11D3-BF4B-00C04F79EFBC}") = "PIO.ServerHost", "PIO.ServerHost\PIO.ServerHost.csproj", "{7359C2BF-7A05-43E7-99C2-4647C4695B12}"
	ProjectSection(ProjectDependencies) = postProject
		{E8437E04-B58F-40A7-A811-485645FF6137} = {E8437E04-B58F-40A7-A811-485645FF6137}
	EndProjectSection
EndProject
Project("{FAE04EC0-301F-11D3-BF4B-00C04F79EFBC}") = "PIO.PowerShell", "PIO.PowerShell\PIO.PowerShell.csproj", "{EDB67878-7CDC-4DD8-B39C-B70CE73CB7AA}"
	ProjectSection(ProjectDependencies) = postProject
		{E8437E04-B58F-40A7-A811-485645FF6137} = {E8437E04-B58F-40A7-A811-485645FF6137}
	EndProjectSection
EndProject
Project("{FAE04EC0-301F-11D3-BF4B-00C04F79EFBC}") = "PIO.UnitTest.ServerLib", "PIO.UnitTest.ServerLib\PIO.UnitTest.ServerLib.csproj", "{A3F653E6-E314-46C4-ADE0-35B70488F2B0}"
EndProject
Project("{2150E333-8FDC-42A3-9474-1A3956D46DE8}") = "Unit tests", "Unit tests", "{736F39AE-769D-4740-9784-9EE07F7E51C1}"
EndProject
Project("{2150E333-8FDC-42A3-9474-1A3956D46DE8}") = "Dependencies", "Dependencies", "{CADE6F5B-AC2C-4B1C-BB9E-59A172DB658F}"
EndProject
Project("{2150E333-8FDC-42A3-9474-1A3956D46DE8}") = "Projects", "Projects", "{85886261-9C67-4A52-8D0F-8728003759BE}"
EndProject
Project("{FAE04EC0-301F-11D3-BF4B-00C04F79EFBC}") = "PIO.UnitTest.WebServiceLib", "PIO.UnitTest.WebServiceLib\PIO.UnitTest.WebServiceLib.csproj", "{4FDD678F-020B-42FF-967A-D0005C2ABFA3}"
EndProject
Project("{FAE04EC0-301F-11D3-BF4B-00C04F79EFBC}") = "PIO.AutomatedTest", "PIO.AutomatedTest\PIO.AutomatedTest.csproj", "{3F9880AF-0700-4A88-9675-4AEED650ED9D}"
EndProject
Project("{FAE04EC0-301F-11D3-BF4B-00C04F79EFBC}") = "PIO.Service", "PIO.Service\PIO.Service.csproj", "{C0F9505A-B955-4400-8E41-76A1D9170C9B}"
EndProject
Project("{FAE04EC0-301F-11D3-BF4B-00C04F79EFBC}") = "PIO.BotsLib", "PIO.BotsLib\PIO.BotsLib.csproj", "{78375324-208D-4ECB-84AD-079CA8939C51}"
EndProject
Project("{FAE04EC0-301F-11D3-BF4B-00C04F79EFBC}") = "PIO.ClientLib", "PIO.ClientLib\PIO.ClientLib.csproj", "{F9A386F1-D923-4A58-9B0D-EF8F5411C11B}"
EndProject
Project("{FAE04EC0-301F-11D3-BF4B-00C04F79EFBC}") = "PIO.UnitTest.BotsLib", "PIO.UnitTest.BotsLib\PIO.UnitTest.BotsLib.csproj", "{EB03097A-EB49-4DC9-834E-7A3DEB0CBB69}"
EndProject
Project("{FAE04EC0-301F-11D3-BF4B-00C04F79EFBC}") = "PIO.Bots.ServerLib", "PIO.Bots.ServerLib\PIO.Bots.ServerLib.csproj", "{469C395F-6F24-4188-AF74-72735A9BFDDD}"
EndProject
Project("{FAE04EC0-301F-11D3-BF4B-00C04F79EFBC}") = "PIO.Bots.ServerHost", "PIO.Bots.ServerHost\PIO.Bots.ServerHost.csproj", "{D094A093-4907-4871-B04F-DAF49B0ACE47}"
EndProject
Project("{FAE04EC0-301F-11D3-BF4B-00C04F79EFBC}") = "PIO.Bots.Models", "PIO.Bots.Models\PIO.Bots.Models.csproj", "{FDF52966-F697-4E48-A055-3175A8E8BB6B}"
EndProject
Project("{FAE04EC0-301F-11D3-BF4B-00C04F79EFBC}") = "PIO.ModulesLib", "PIO.ModulesLib\PIO.ModulesLib.csproj", "{83F02FCD-3EBD-4D90-911A-9A1F684D343C}"
EndProject
Project("{FAE04EC0-301F-11D3-BF4B-00C04F79EFBC}") = "PIO.BaseModulesLib", "PIO.BaseModulesLib\PIO.BaseModulesLib.csproj", "{43E748AC-E4ED-4352-B091-5DFECFEEFA88}"
EndProject
Project("{FAE04EC0-301F-11D3-BF4B-00C04F79EFBC}") = "PIO.UnitTest.Bots.ServerLib", "PIO.UnitTest.Bots.ServerLib\PIO.UnitTest.Bots.ServerLib.csproj", "{563ECCB3-670D-405C-B738-F425C89A4454}"
EndProject
Project("{FAE04EC0-301F-11D3-BF4B-00C04F79EFBC}") = "PIO.Bots.WebServiceLib", "PIO.Bots.WebServiceLib\PIO.Bots.WebServiceLib.csproj", "{384BF8A9-3D83-4455-9D84-9F79F290110E}"
EndProject
Project("{2150E333-8FDC-42A3-9474-1A3956D46DE8}") = "Bots", "Bots", "{D8359DBA-464D-4F42-9BBF-6E66657852C9}"
EndProject
Project("{2150E333-8FDC-42A3-9474-1A3956D46DE8}") = "PIO", "PIO", "{77F4282D-C20D-4EE0-8A24-3962BE6B9DB1}"
EndProject
Project("{FAE04EC0-301F-11D3-BF4B-00C04F79EFBC}") = "PIO.WebService.CommonLib", "PIO.WebService.CommonLib\PIO.WebService.CommonLib.csproj", "{9328D573-1290-4317-8264-EAACF16C1AA6}"
EndProject
Project("{FAE04EC0-301F-11D3-BF4B-00C04F79EFBC}") = "PIO.Bots.ClientLib", "PIO.Bots.ClientLib\PIO.Bots.ClientLib.csproj", "{74510CE8-BBEB-4611-8DE2-BFA7D6C05F7C}"
EndProject
Project("{FAE04EC0-301F-11D3-BF4B-00C04F79EFBC}") = "PIO.UnitTest.Bots.WebServiceLib", "PIO.UnitTest.Bots.WebServiceLib\PIO.UnitTest.Bots.WebServiceLib.csproj", "{BC1B167F-8F08-43B9-89CD-9814EF59AB96}"
EndProject
Project("{FAE04EC0-301F-11D3-BF4B-00C04F79EFBC}") = "PIO.UnitTest.Mocks", "PIO.UnitTest.Mocks\PIO.UnitTest.Mocks.csproj", "{9B66FD3A-ACAB-4F86-9778-1052F291FCBC}"
EndProject
Project("{2150E333-8FDC-42A3-9474-1A3956D46DE8}") = "Console", "Console", "{C2CFC706-C341-4754-A833-58D61F26850F}"
EndProject
Project("{FAE04EC0-301F-11D3-BF4B-00C04F79EFBC}") = "PIO.Console", "PIO.Console\PIO.Console.csproj", "{B15694A9-AB56-4E29-BB82-B118878F1BCD}"
EndProject
Project("{FAE04EC0-301F-11D3-BF4B-00C04F79EFBC}") = "ViewModelLib", "..\ViewModelLib\ViewModelLib\ViewModelLib.csproj", "{9CD722C0-3ABE-48C7-A2FE-B18FBC6B5DAA}"
EndProject
Global
	GlobalSection(SolutionConfigurationPlatforms) = preSolution
		Debug|Any CPU = Debug|Any CPU
		Release|Any CPU = Release|Any CPU
	EndGlobalSection
	GlobalSection(ProjectConfigurationPlatforms) = postSolution
		{F89B06C7-43CC-4589-9859-3A4656AAA4A6}.Debug|Any CPU.ActiveCfg = Debug|Any CPU
		{F89B06C7-43CC-4589-9859-3A4656AAA4A6}.Debug|Any CPU.Build.0 = Debug|Any CPU
		{F89B06C7-43CC-4589-9859-3A4656AAA4A6}.Release|Any CPU.ActiveCfg = Release|Any CPU
		{F89B06C7-43CC-4589-9859-3A4656AAA4A6}.Release|Any CPU.Build.0 = Release|Any CPU
		{EF4B0001-2859-4A09-8F95-3E5BEF4A5272}.Debug|Any CPU.ActiveCfg = Debug|Any CPU
		{EF4B0001-2859-4A09-8F95-3E5BEF4A5272}.Debug|Any CPU.Build.0 = Debug|Any CPU
		{EF4B0001-2859-4A09-8F95-3E5BEF4A5272}.Release|Any CPU.ActiveCfg = Release|Any CPU
		{EF4B0001-2859-4A09-8F95-3E5BEF4A5272}.Release|Any CPU.Build.0 = Release|Any CPU
		{C94B7BF1-BF85-4483-B032-1582F9EC6423}.Debug|Any CPU.ActiveCfg = Debug|Any CPU
		{C94B7BF1-BF85-4483-B032-1582F9EC6423}.Debug|Any CPU.Build.0 = Debug|Any CPU
		{C94B7BF1-BF85-4483-B032-1582F9EC6423}.Release|Any CPU.ActiveCfg = Release|Any CPU
		{C94B7BF1-BF85-4483-B032-1582F9EC6423}.Release|Any CPU.Build.0 = Release|Any CPU
		{D0D3E5A2-440C-4B0A-9B01-4633F2A74BDF}.Debug|Any CPU.ActiveCfg = Debug|Any CPU
		{D0D3E5A2-440C-4B0A-9B01-4633F2A74BDF}.Debug|Any CPU.Build.0 = Debug|Any CPU
		{D0D3E5A2-440C-4B0A-9B01-4633F2A74BDF}.Release|Any CPU.ActiveCfg = Release|Any CPU
		{D0D3E5A2-440C-4B0A-9B01-4633F2A74BDF}.Release|Any CPU.Build.0 = Release|Any CPU
		{54987791-5D6C-4F07-8355-C3C909C0632A}.Debug|Any CPU.ActiveCfg = Debug|Any CPU
		{54987791-5D6C-4F07-8355-C3C909C0632A}.Debug|Any CPU.Build.0 = Debug|Any CPU
		{54987791-5D6C-4F07-8355-C3C909C0632A}.Release|Any CPU.ActiveCfg = Release|Any CPU
		{54987791-5D6C-4F07-8355-C3C909C0632A}.Release|Any CPU.Build.0 = Release|Any CPU
		{E8437E04-B58F-40A7-A811-485645FF6137}.Debug|Any CPU.ActiveCfg = Debug|Any CPU
		{E8437E04-B58F-40A7-A811-485645FF6137}.Debug|Any CPU.Build.0 = Debug|Any CPU
		{E8437E04-B58F-40A7-A811-485645FF6137}.Release|Any CPU.ActiveCfg = Release|Any CPU
		{E8437E04-B58F-40A7-A811-485645FF6137}.Release|Any CPU.Build.0 = Release|Any CPU
		{7883D2F9-F04E-467A-A0A6-61158DCA5956}.Debug|Any CPU.ActiveCfg = Debug|Any CPU
		{7883D2F9-F04E-467A-A0A6-61158DCA5956}.Debug|Any CPU.Build.0 = Debug|Any CPU
		{7883D2F9-F04E-467A-A0A6-61158DCA5956}.Release|Any CPU.ActiveCfg = Release|Any CPU
		{7883D2F9-F04E-467A-A0A6-61158DCA5956}.Release|Any CPU.Build.0 = Release|Any CPU
		{BCD967FA-4DA8-47AD-A1F5-A66EA4575617}.Debug|Any CPU.ActiveCfg = Debug|Any CPU
		{BCD967FA-4DA8-47AD-A1F5-A66EA4575617}.Debug|Any CPU.Build.0 = Debug|Any CPU
		{BCD967FA-4DA8-47AD-A1F5-A66EA4575617}.Release|Any CPU.ActiveCfg = Release|Any CPU
		{BCD967FA-4DA8-47AD-A1F5-A66EA4575617}.Release|Any CPU.Build.0 = Release|Any CPU
		{7359C2BF-7A05-43E7-99C2-4647C4695B12}.Debug|Any CPU.ActiveCfg = Debug|Any CPU
		{7359C2BF-7A05-43E7-99C2-4647C4695B12}.Debug|Any CPU.Build.0 = Debug|Any CPU
		{7359C2BF-7A05-43E7-99C2-4647C4695B12}.Release|Any CPU.ActiveCfg = Release|Any CPU
		{7359C2BF-7A05-43E7-99C2-4647C4695B12}.Release|Any CPU.Build.0 = Release|Any CPU
		{EDB67878-7CDC-4DD8-B39C-B70CE73CB7AA}.Debug|Any CPU.ActiveCfg = Debug|Any CPU
		{EDB67878-7CDC-4DD8-B39C-B70CE73CB7AA}.Debug|Any CPU.Build.0 = Debug|Any CPU
		{EDB67878-7CDC-4DD8-B39C-B70CE73CB7AA}.Release|Any CPU.ActiveCfg = Release|Any CPU
		{EDB67878-7CDC-4DD8-B39C-B70CE73CB7AA}.Release|Any CPU.Build.0 = Release|Any CPU
		{A3F653E6-E314-46C4-ADE0-35B70488F2B0}.Debug|Any CPU.ActiveCfg = Debug|Any CPU
		{A3F653E6-E314-46C4-ADE0-35B70488F2B0}.Debug|Any CPU.Build.0 = Debug|Any CPU
		{A3F653E6-E314-46C4-ADE0-35B70488F2B0}.Release|Any CPU.ActiveCfg = Release|Any CPU
		{A3F653E6-E314-46C4-ADE0-35B70488F2B0}.Release|Any CPU.Build.0 = Release|Any CPU
		{4FDD678F-020B-42FF-967A-D0005C2ABFA3}.Debug|Any CPU.ActiveCfg = Debug|Any CPU
		{4FDD678F-020B-42FF-967A-D0005C2ABFA3}.Debug|Any CPU.Build.0 = Debug|Any CPU
		{4FDD678F-020B-42FF-967A-D0005C2ABFA3}.Release|Any CPU.ActiveCfg = Release|Any CPU
		{4FDD678F-020B-42FF-967A-D0005C2ABFA3}.Release|Any CPU.Build.0 = Release|Any CPU
		{3F9880AF-0700-4A88-9675-4AEED650ED9D}.Debug|Any CPU.ActiveCfg = Debug|Any CPU
		{3F9880AF-0700-4A88-9675-4AEED650ED9D}.Debug|Any CPU.Build.0 = Debug|Any CPU
		{3F9880AF-0700-4A88-9675-4AEED650ED9D}.Release|Any CPU.ActiveCfg = Release|Any CPU
		{3F9880AF-0700-4A88-9675-4AEED650ED9D}.Release|Any CPU.Build.0 = Release|Any CPU
		{C0F9505A-B955-4400-8E41-76A1D9170C9B}.Debug|Any CPU.ActiveCfg = Debug|Any CPU
		{C0F9505A-B955-4400-8E41-76A1D9170C9B}.Debug|Any CPU.Build.0 = Debug|Any CPU
		{C0F9505A-B955-4400-8E41-76A1D9170C9B}.Release|Any CPU.ActiveCfg = Release|Any CPU
		{C0F9505A-B955-4400-8E41-76A1D9170C9B}.Release|Any CPU.Build.0 = Release|Any CPU
		{78375324-208D-4ECB-84AD-079CA8939C51}.Debug|Any CPU.ActiveCfg = Debug|Any CPU
		{78375324-208D-4ECB-84AD-079CA8939C51}.Debug|Any CPU.Build.0 = Debug|Any CPU
		{78375324-208D-4ECB-84AD-079CA8939C51}.Release|Any CPU.ActiveCfg = Release|Any CPU
		{78375324-208D-4ECB-84AD-079CA8939C51}.Release|Any CPU.Build.0 = Release|Any CPU
		{F9A386F1-D923-4A58-9B0D-EF8F5411C11B}.Debug|Any CPU.ActiveCfg = Debug|Any CPU
		{F9A386F1-D923-4A58-9B0D-EF8F5411C11B}.Debug|Any CPU.Build.0 = Debug|Any CPU
		{F9A386F1-D923-4A58-9B0D-EF8F5411C11B}.Release|Any CPU.ActiveCfg = Release|Any CPU
		{F9A386F1-D923-4A58-9B0D-EF8F5411C11B}.Release|Any CPU.Build.0 = Release|Any CPU
		{EB03097A-EB49-4DC9-834E-7A3DEB0CBB69}.Debug|Any CPU.ActiveCfg = Debug|Any CPU
		{EB03097A-EB49-4DC9-834E-7A3DEB0CBB69}.Debug|Any CPU.Build.0 = Debug|Any CPU
		{EB03097A-EB49-4DC9-834E-7A3DEB0CBB69}.Release|Any CPU.ActiveCfg = Release|Any CPU
		{EB03097A-EB49-4DC9-834E-7A3DEB0CBB69}.Release|Any CPU.Build.0 = Release|Any CPU
		{469C395F-6F24-4188-AF74-72735A9BFDDD}.Debug|Any CPU.ActiveCfg = Debug|Any CPU
		{469C395F-6F24-4188-AF74-72735A9BFDDD}.Debug|Any CPU.Build.0 = Debug|Any CPU
		{469C395F-6F24-4188-AF74-72735A9BFDDD}.Release|Any CPU.ActiveCfg = Release|Any CPU
		{469C395F-6F24-4188-AF74-72735A9BFDDD}.Release|Any CPU.Build.0 = Release|Any CPU
		{D094A093-4907-4871-B04F-DAF49B0ACE47}.Debug|Any CPU.ActiveCfg = Debug|Any CPU
		{D094A093-4907-4871-B04F-DAF49B0ACE47}.Debug|Any CPU.Build.0 = Debug|Any CPU
		{D094A093-4907-4871-B04F-DAF49B0ACE47}.Release|Any CPU.ActiveCfg = Release|Any CPU
		{D094A093-4907-4871-B04F-DAF49B0ACE47}.Release|Any CPU.Build.0 = Release|Any CPU
		{FDF52966-F697-4E48-A055-3175A8E8BB6B}.Debug|Any CPU.ActiveCfg = Debug|Any CPU
		{FDF52966-F697-4E48-A055-3175A8E8BB6B}.Debug|Any CPU.Build.0 = Debug|Any CPU
		{FDF52966-F697-4E48-A055-3175A8E8BB6B}.Release|Any CPU.ActiveCfg = Release|Any CPU
		{FDF52966-F697-4E48-A055-3175A8E8BB6B}.Release|Any CPU.Build.0 = Release|Any CPU
		{83F02FCD-3EBD-4D90-911A-9A1F684D343C}.Debug|Any CPU.ActiveCfg = Debug|Any CPU
		{83F02FCD-3EBD-4D90-911A-9A1F684D343C}.Debug|Any CPU.Build.0 = Debug|Any CPU
		{83F02FCD-3EBD-4D90-911A-9A1F684D343C}.Release|Any CPU.ActiveCfg = Release|Any CPU
		{83F02FCD-3EBD-4D90-911A-9A1F684D343C}.Release|Any CPU.Build.0 = Release|Any CPU
		{43E748AC-E4ED-4352-B091-5DFECFEEFA88}.Debug|Any CPU.ActiveCfg = Debug|Any CPU
		{43E748AC-E4ED-4352-B091-5DFECFEEFA88}.Debug|Any CPU.Build.0 = Debug|Any CPU
		{43E748AC-E4ED-4352-B091-5DFECFEEFA88}.Release|Any CPU.ActiveCfg = Release|Any CPU
		{43E748AC-E4ED-4352-B091-5DFECFEEFA88}.Release|Any CPU.Build.0 = Release|Any CPU
		{563ECCB3-670D-405C-B738-F425C89A4454}.Debug|Any CPU.ActiveCfg = Debug|Any CPU
		{563ECCB3-670D-405C-B738-F425C89A4454}.Debug|Any CPU.Build.0 = Debug|Any CPU
		{563ECCB3-670D-405C-B738-F425C89A4454}.Release|Any CPU.ActiveCfg = Release|Any CPU
		{563ECCB3-670D-405C-B738-F425C89A4454}.Release|Any CPU.Build.0 = Release|Any CPU
		{384BF8A9-3D83-4455-9D84-9F79F290110E}.Debug|Any CPU.ActiveCfg = Debug|Any CPU
		{384BF8A9-3D83-4455-9D84-9F79F290110E}.Debug|Any CPU.Build.0 = Debug|Any CPU
		{384BF8A9-3D83-4455-9D84-9F79F290110E}.Release|Any CPU.ActiveCfg = Release|Any CPU
		{384BF8A9-3D83-4455-9D84-9F79F290110E}.Release|Any CPU.Build.0 = Release|Any CPU
		{9328D573-1290-4317-8264-EAACF16C1AA6}.Debug|Any CPU.ActiveCfg = Debug|Any CPU
		{9328D573-1290-4317-8264-EAACF16C1AA6}.Debug|Any CPU.Build.0 = Debug|Any CPU
		{9328D573-1290-4317-8264-EAACF16C1AA6}.Release|Any CPU.ActiveCfg = Release|Any CPU
		{9328D573-1290-4317-8264-EAACF16C1AA6}.Release|Any CPU.Build.0 = Release|Any CPU
		{74510CE8-BBEB-4611-8DE2-BFA7D6C05F7C}.Debug|Any CPU.ActiveCfg = Debug|Any CPU
		{74510CE8-BBEB-4611-8DE2-BFA7D6C05F7C}.Debug|Any CPU.Build.0 = Debug|Any CPU
		{74510CE8-BBEB-4611-8DE2-BFA7D6C05F7C}.Release|Any CPU.ActiveCfg = Release|Any CPU
		{74510CE8-BBEB-4611-8DE2-BFA7D6C05F7C}.Release|Any CPU.Build.0 = Release|Any CPU
		{BC1B167F-8F08-43B9-89CD-9814EF59AB96}.Debug|Any CPU.ActiveCfg = Debug|Any CPU
		{BC1B167F-8F08-43B9-89CD-9814EF59AB96}.Debug|Any CPU.Build.0 = Debug|Any CPU
		{BC1B167F-8F08-43B9-89CD-9814EF59AB96}.Release|Any CPU.ActiveCfg = Release|Any CPU
		{BC1B167F-8F08-43B9-89CD-9814EF59AB96}.Release|Any CPU.Build.0 = Release|Any CPU
		{9B66FD3A-ACAB-4F86-9778-1052F291FCBC}.Debug|Any CPU.ActiveCfg = Debug|Any CPU
		{9B66FD3A-ACAB-4F86-9778-1052F291FCBC}.Debug|Any CPU.Build.0 = Debug|Any CPU
		{9B66FD3A-ACAB-4F86-9778-1052F291FCBC}.Release|Any CPU.ActiveCfg = Release|Any CPU
		{9B66FD3A-ACAB-4F86-9778-1052F291FCBC}.Release|Any CPU.Build.0 = Release|Any CPU
		{B15694A9-AB56-4E29-BB82-B118878F1BCD}.Debug|Any CPU.ActiveCfg = Debug|Any CPU
		{B15694A9-AB56-4E29-BB82-B118878F1BCD}.Debug|Any CPU.Build.0 = Debug|Any CPU
		{B15694A9-AB56-4E29-BB82-B118878F1BCD}.Release|Any CPU.ActiveCfg = Release|Any CPU
		{B15694A9-AB56-4E29-BB82-B118878F1BCD}.Release|Any CPU.Build.0 = Release|Any CPU
		{9CD722C0-3ABE-48C7-A2FE-B18FBC6B5DAA}.Debug|Any CPU.ActiveCfg = Debug|Any CPU
		{9CD722C0-3ABE-48C7-A2FE-B18FBC6B5DAA}.Debug|Any CPU.Build.0 = Debug|Any CPU
		{9CD722C0-3ABE-48C7-A2FE-B18FBC6B5DAA}.Release|Any CPU.ActiveCfg = Release|Any CPU
		{9CD722C0-3ABE-48C7-A2FE-B18FBC6B5DAA}.Release|Any CPU.Build.0 = Release|Any CPU
	EndGlobalSection
	GlobalSection(SolutionProperties) = preSolution
		HideSolutionNode = FALSE
	EndGlobalSection
	GlobalSection(NestedProjects) = preSolution
		{F89B06C7-43CC-4589-9859-3A4656AAA4A6} = {CADE6F5B-AC2C-4B1C-BB9E-59A172DB658F}
		{EF4B0001-2859-4A09-8F95-3E5BEF4A5272} = {CADE6F5B-AC2C-4B1C-BB9E-59A172DB658F}
		{C94B7BF1-BF85-4483-B032-1582F9EC6423} = {CADE6F5B-AC2C-4B1C-BB9E-59A172DB658F}
		{D0D3E5A2-440C-4B0A-9B01-4633F2A74BDF} = {CADE6F5B-AC2C-4B1C-BB9E-59A172DB658F}
		{54987791-5D6C-4F07-8355-C3C909C0632A} = {CADE6F5B-AC2C-4B1C-BB9E-59A172DB658F}
		{E8437E04-B58F-40A7-A811-485645FF6137} = {77F4282D-C20D-4EE0-8A24-3962BE6B9DB1}
		{7883D2F9-F04E-467A-A0A6-61158DCA5956} = {77F4282D-C20D-4EE0-8A24-3962BE6B9DB1}
		{BCD967FA-4DA8-47AD-A1F5-A66EA4575617} = {77F4282D-C20D-4EE0-8A24-3962BE6B9DB1}
		{7359C2BF-7A05-43E7-99C2-4647C4695B12} = {77F4282D-C20D-4EE0-8A24-3962BE6B9DB1}
		{EDB67878-7CDC-4DD8-B39C-B70CE73CB7AA} = {85886261-9C67-4A52-8D0F-8728003759BE}
		{A3F653E6-E314-46C4-ADE0-35B70488F2B0} = {736F39AE-769D-4740-9784-9EE07F7E51C1}
		{4FDD678F-020B-42FF-967A-D0005C2ABFA3} = {736F39AE-769D-4740-9784-9EE07F7E51C1}
		{3F9880AF-0700-4A88-9675-4AEED650ED9D} = {736F39AE-769D-4740-9784-9EE07F7E51C1}
		{C0F9505A-B955-4400-8E41-76A1D9170C9B} = {77F4282D-C20D-4EE0-8A24-3962BE6B9DB1}
		{78375324-208D-4ECB-84AD-079CA8939C51} = {D8359DBA-464D-4F42-9BBF-6E66657852C9}
		{F9A386F1-D923-4A58-9B0D-EF8F5411C11B} = {77F4282D-C20D-4EE0-8A24-3962BE6B9DB1}
		{EB03097A-EB49-4DC9-834E-7A3DEB0CBB69} = {736F39AE-769D-4740-9784-9EE07F7E51C1}
		{469C395F-6F24-4188-AF74-72735A9BFDDD} = {D8359DBA-464D-4F42-9BBF-6E66657852C9}
		{D094A093-4907-4871-B04F-DAF49B0ACE47} = {D8359DBA-464D-4F42-9BBF-6E66657852C9}
		{FDF52966-F697-4E48-A055-3175A8E8BB6B} = {D8359DBA-464D-4F42-9BBF-6E66657852C9}
		{83F02FCD-3EBD-4D90-911A-9A1F684D343C} = {85886261-9C67-4A52-8D0F-8728003759BE}
		{43E748AC-E4ED-4352-B091-5DFECFEEFA88} = {85886261-9C67-4A52-8D0F-8728003759BE}
		{563ECCB3-670D-405C-B738-F425C89A4454} = {736F39AE-769D-4740-9784-9EE07F7E51C1}
		{384BF8A9-3D83-4455-9D84-9F79F290110E} = {D8359DBA-464D-4F42-9BBF-6E66657852C9}
		{D8359DBA-464D-4F42-9BBF-6E66657852C9} = {85886261-9C67-4A52-8D0F-8728003759BE}
		{77F4282D-C20D-4EE0-8A24-3962BE6B9DB1} = {85886261-9C67-4A52-8D0F-8728003759BE}
		{9328D573-1290-4317-8264-EAACF16C1AA6} = {85886261-9C67-4A52-8D0F-8728003759BE}
		{74510CE8-BBEB-4611-8DE2-BFA7D6C05F7C} = {D8359DBA-464D-4F42-9BBF-6E66657852C9}
		{BC1B167F-8F08-43B9-89CD-9814EF59AB96} = {736F39AE-769D-4740-9784-9EE07F7E51C1}
		{9B66FD3A-ACAB-4F86-9778-1052F291FCBC} = {736F39AE-769D-4740-9784-9EE07F7E51C1}
		{C2CFC706-C341-4754-A833-58D61F26850F} = {85886261-9C67-4A52-8D0F-8728003759BE}
		{B15694A9-AB56-4E29-BB82-B118878F1BCD} = {C2CFC706-C341-4754-A833-58D61F26850F}
		{9CD722C0-3ABE-48C7-A2FE-B18FBC6B5DAA} = {CADE6F5B-AC2C-4B1C-BB9E-59A172DB658F}
	EndGlobalSection
	GlobalSection(ExtensibilityGlobals) = postSolution
		SolutionGuid = {4F0C26F7-82D7-4512-B713-2E82E6E18496}
	EndGlobalSection
EndGlobal
